# THIS IS AN AUTOGENERATED FILE. DO NOT EDIT THIS FILE DIRECTLY.
# yarn lockfile v1


semantic-ui-card@^2.5.0:
  version "2.5.0"
  resolved "https://registry.yarnpkg.com/semantic-ui-card/-/semantic-ui-card-2.5.0.tgz#0f2637b54afa5335e595bb5014b2ea7115a1a4f5"
  integrity sha512-5MPZfdvIp1IVNjIOloVpVnfguImmAqrPhIWuentOBDLVweK1dvU/2vqbScrtVwoZjrffB731BMlP7S9dutRsog==
